
Microsoft Visual Studio Solution File, Format Version 12.00
# Visual Studio Version 16
VisualStudioVersion = 16.0.29920.165
MinimumVisualStudioVersion = 10.0.40219.1
Project("{FAE04EC0-301F-11D3-BF4B-00C04F79EFBC}") = "LearningConApp", "LearningConApp.csproj", "{8EE33F4A-F78C-4353-8B19-D674D9D60C9A}"
EndProject
Global
	GlobalSection(SolutionConfigurationPlatforms) = preSolution
		Debug|Any CPU = Debug|Any CPU
		Release|Any CPU = Release|Any CPU
	EndGlobalSection
	GlobalSection(ProjectConfigurationPlatforms) = postSolution
		{8EE33F4A-F78C-4353-8B19-D674D9D60C9A}.Debug|Any CPU.ActiveCfg = Debug|Any CPU
		{8EE33F4A-F78C-4353-8B19-D674D9D60C9A}.Debug|Any CPU.Build.0 = Debug|Any CPU
		{8EE33F4A-F78C-4353-8B19-D674D9D60C9A}.Release|Any CPU.ActiveCfg = Release|Any CPU
		{8EE33F4A-F78C-4353-8B19-D674D9D60C9A}.Release|Any CPU.Build.0 = Release|Any CPU
	EndGlobalSection
	GlobalSection(SolutionProperties) = preSolution
		HideSolutionNode = FALSE
	EndGlobalSection
	GlobalSection(ExtensibilityGlobals) = postSolution
		SolutionGuid = {AAAF7BC9-7B7E-43F9-968E-9BB69F99915A}
	EndGlobalSection
EndGlobal
